// !$*UTF8*$!
{
	archiveVersion = 1;
	classes = {
	};
	objectVersion = 55;
	objects = {

/* Begin PBXBuildFile section */
		2267D5712885E3AA00E98944 /* StorageFile.swift in Sources */ = {isa = PBXBuildFile; fileRef = 2267D56D2885E3AA00E98944 /* StorageFile.swift */; };
		2267D5722885E3AA00E98944 /* Loadable.swift in Sources */ = {isa = PBXBuildFile; fileRef = 2267D56E2885E3AA00E98944 /* Loadable.swift */; };
		2267D5732885E3AA00E98944 /* Firestore+Extensions.swift in Sources */ = {isa = PBXBuildFile; fileRef = 2267D56F2885E3AA00E98944 /* Firestore+Extensions.swift */; };
		2267D5742885E3AA00E98944 /* StateManager.swift in Sources */ = {isa = PBXBuildFile; fileRef = 2267D5702885E3AA00E98944 /* StateManager.swift */; };
		2267D5782885E3C100E98944 /* Comment.swift in Sources */ = {isa = PBXBuildFile; fileRef = 2267D5752885E3C100E98944 /* Comment.swift */; };
		2267D5792885E3C100E98944 /* User.swift in Sources */ = {isa = PBXBuildFile; fileRef = 2267D5762885E3C100E98944 /* User.swift */; };
		2267D57A2885E3C100E98944 /* Post.swift in Sources */ = {isa = PBXBuildFile; fileRef = 2267D5772885E3C100E98944 /* Post.swift */; };
		2267D5832885E3E600E98944 /* PostsList.swift in Sources */ = {isa = PBXBuildFile; fileRef = 2267D57B2885E3E500E98944 /* PostsList.swift */; };
		2267D5842885E3E600E98944 /* MainTabView.swift in Sources */ = {isa = PBXBuildFile; fileRef = 2267D57C2885E3E500E98944 /* MainTabView.swift */; };
		2267D5852885E3E600E98944 /* NewPostForm.swift in Sources */ = {isa = PBXBuildFile; fileRef = 2267D57D2885E3E500E98944 /* NewPostForm.swift */; };
		2267D5862885E3E600E98944 /* ProfileView.swift in Sources */ = {isa = PBXBuildFile; fileRef = 2267D57E2885E3E500E98944 /* ProfileView.swift */; };
		2267D5882885E3E600E98944 /* CommentRow.swift in Sources */ = {isa = PBXBuildFile; fileRef = 2267D5802885E3E600E98944 /* CommentRow.swift */; };
		2267D5892885E3E600E98944 /* AuthView.swift in Sources */ = {isa = PBXBuildFile; fileRef = 2267D5812885E3E600E98944 /* AuthView.swift */; };
		2267D58A2885E3E600E98944 /* CommentsList.swift in Sources */ = {isa = PBXBuildFile; fileRef = 2267D5822885E3E600E98944 /* CommentsList.swift */; };
		2267D5902885E3F600E98944 /* ProfileImage.swift in Sources */ = {isa = PBXBuildFile; fileRef = 2267D58B2885E3F600E98944 /* ProfileImage.swift */; };
		2267D5912885E3F600E98944 /* EmptyListView.swift in Sources */ = {isa = PBXBuildFile; fileRef = 2267D58C2885E3F600E98944 /* EmptyListView.swift */; };
		2267D5922885E3F600E98944 /* ImagePickerButton.swift in Sources */ = {isa = PBXBuildFile; fileRef = 2267D58D2885E3F600E98944 /* ImagePickerButton.swift */; };
		2267D5932885E3F700E98944 /* Alert+Error.swift in Sources */ = {isa = PBXBuildFile; fileRef = 2267D58E2885E3F600E98944 /* Alert+Error.swift */; };
		2267D5942885E3F700E98944 /* PrimaryButtonStyle.swift in Sources */ = {isa = PBXBuildFile; fileRef = 2267D58F2885E3F600E98944 /* PrimaryButtonStyle.swift */; };
		2267D59D2885E40D00E98944 /* CommentRowViewModel.swift in Sources */ = {isa = PBXBuildFile; fileRef = 2267D5952885E40D00E98944 /* CommentRowViewModel.swift */; };
		2267D59E2885E40D00E98944 /* CommentsViewModel.swift in Sources */ = {isa = PBXBuildFile; fileRef = 2267D5962885E40D00E98944 /* CommentsViewModel.swift */; };
		2267D59F2885E40D00E98944 /* ProfileViewModel.swift in Sources */ = {isa = PBXBuildFile; fileRef = 2267D5972885E40D00E98944 /* ProfileViewModel.swift */; };
		2267D5A02885E40D00E98944 /* ViewModelFactory.swift in Sources */ = {isa = PBXBuildFile; fileRef = 2267D5982885E40D00E98944 /* ViewModelFactory.swift */; };
		2267D5A12885E40D00E98944 /* PostsViewModel.swift in Sources */ = {isa = PBXBuildFile; fileRef = 2267D5992885E40D00E98944 /* PostsViewModel.swift */; };
		2267D5A22885E40D00E98944 /* FormViewModel.swift in Sources */ = {isa = PBXBuildFile; fileRef = 2267D59A2885E40D00E98944 /* FormViewModel.swift */; };
		2267D5A32885E40D00E98944 /* AuthViewModel.swift in Sources */ = {isa = PBXBuildFile; fileRef = 2267D59B2885E40D00E98944 /* AuthViewModel.swift */; };
		2267D5A42885E40D00E98944 /* PostRowViewModel.swift in Sources */ = {isa = PBXBuildFile; fileRef = 2267D59C2885E40D00E98944 /* PostRowViewModel.swift */; };
		2267D5A72885E42500E98944 /* PostsRepository.swift in Sources */ = {isa = PBXBuildFile; fileRef = 2267D5A52885E42500E98944 /* PostsRepository.swift */; };
		2267D5A82885E42500E98944 /* CommentsRepository.swift in Sources */ = {isa = PBXBuildFile; fileRef = 2267D5A62885E42500E98944 /* CommentsRepository.swift */; };
		2267D5AB2885E43F00E98944 /* AuthService.swift in Sources */ = {isa = PBXBuildFile; fileRef = 2267D5AA2885E43F00E98944 /* AuthService.swift */; };
		2267D5AE2885E4FD00E98944 /* FirebaseAuth in Frameworks */ = {isa = PBXBuildFile; productRef = 2267D5AD2885E4FD00E98944 /* FirebaseAuth */; };
		2267D5B02885E50F00E98944 /* FirebaseStorage in Frameworks */ = {isa = PBXBuildFile; productRef = 2267D5AF2885E50F00E98944 /* FirebaseStorage */; };
		2267D5B22885E6D000E98944 /* GoogleService-Info.plist in Resources */ = {isa = PBXBuildFile; fileRef = 2267D5B12885E6D000E98944 /* GoogleService-Info.plist */; };
		22736C9428777DCC003A1C6D /* FirebaseAnalytics in Frameworks */ = {isa = PBXBuildFile; productRef = 22736C9328777DCC003A1C6D /* FirebaseAnalytics */; };
		22736C9628777DCC003A1C6D /* FirebaseFirestore in Frameworks */ = {isa = PBXBuildFile; productRef = 22736C9528777DCC003A1C6D /* FirebaseFirestore */; };
		22736C9828777DCC003A1C6D /* FirebaseFirestoreSwift in Frameworks */ = {isa = PBXBuildFile; productRef = 22736C9728777DCC003A1C6D /* FirebaseFirestoreSwift */; };
		22EF7C412823550400700181 /* CompliMapApp.swift in Sources */ = {isa = PBXBuildFile; fileRef = 22EF7C402823550400700181 /* CompliMapApp.swift */; };
		22EF7C452823550500700181 /* Assets.xcassets in Resources */ = {isa = PBXBuildFile; fileRef = 22EF7C442823550500700181 /* Assets.xcassets */; };
		22EF7C482823550500700181 /* Preview Assets.xcassets in Resources */ = {isa = PBXBuildFile; fileRef = 22EF7C472823550500700181 /* Preview Assets.xcassets */; };
		22F3F146288609B400F2DC6B /* MapView.swift in Sources */ = {isa = PBXBuildFile; fileRef = 22F3F145288609B400F2DC6B /* MapView.swift */; };
		22F3F14E28861AAB00F2DC6B /* MapViewModel.swift in Sources */ = {isa = PBXBuildFile; fileRef = 22F3F14D28861AAB00F2DC6B /* MapViewModel.swift */; };
		22F3F1502886367600F2DC6B /* PostRow.swift in Sources */ = {isa = PBXBuildFile; fileRef = 22F3F14F2886367500F2DC6B /* PostRow.swift */; };
/* End PBXBuildFile section */

/* Begin PBXFileReference section */
		222DF2ED287F9EC300C07F3E /* Info.plist */ = {isa = PBXFileReference; lastKnownFileType = text.plist.xml; path = Info.plist; sourceTree = "<group>"; };
		2267D56D2885E3AA00E98944 /* StorageFile.swift */ = {isa = PBXFileReference; fileEncoding = 4; lastKnownFileType = sourcecode.swift; path = StorageFile.swift; sourceTree = "<group>"; };
		2267D56E2885E3AA00E98944 /* Loadable.swift */ = {isa = PBXFileReference; fileEncoding = 4; lastKnownFileType = sourcecode.swift; path = Loadable.swift; sourceTree = "<group>"; };
		2267D56F2885E3AA00E98944 /* Firestore+Extensions.swift */ = {isa = PBXFileReference; fileEncoding = 4; lastKnownFileType = sourcecode.swift; path = "Firestore+Extensions.swift"; sourceTree = "<group>"; };
		2267D5702885E3AA00E98944 /* StateManager.swift */ = {isa = PBXFileReference; fileEncoding = 4; lastKnownFileType = sourcecode.swift; path = StateManager.swift; sourceTree = "<group>"; };
		2267D5752885E3C100E98944 /* Comment.swift */ = {isa = PBXFileReference; fileEncoding = 4; lastKnownFileType = sourcecode.swift; path = Comment.swift; sourceTree = "<group>"; };
		2267D5762885E3C100E98944 /* User.swift */ = {isa = PBXFileReference; fileEncoding = 4; lastKnownFileType = sourcecode.swift; path = User.swift; sourceTree = "<group>"; };
		2267D5772885E3C100E98944 /* Post.swift */ = {isa = PBXFileReference; fileEncoding = 4; lastKnownFileType = sourcecode.swift; name = Post.swift; path = ../../../Socialcademy/Socialcademy/Models/Post.swift; sourceTree = "<group>"; };
		2267D57B2885E3E500E98944 /* PostsList.swift */ = {isa = PBXFileReference; fileEncoding = 4; lastKnownFileType = sourcecode.swift; path = PostsList.swift; sourceTree = "<group>"; };
		2267D57C2885E3E500E98944 /* MainTabView.swift */ = {isa = PBXFileReference; fileEncoding = 4; lastKnownFileType = sourcecode.swift; path = MainTabView.swift; sourceTree = "<group>"; };
		2267D57D2885E3E500E98944 /* NewPostForm.swift */ = {isa = PBXFileReference; fileEncoding = 4; lastKnownFileType = sourcecode.swift; path = NewPostForm.swift; sourceTree = "<group>"; };
		2267D57E2885E3E500E98944 /* ProfileView.swift */ = {isa = PBXFileReference; fileEncoding = 4; lastKnownFileType = sourcecode.swift; path = ProfileView.swift; sourceTree = "<group>"; };
		2267D5802885E3E600E98944 /* CommentRow.swift */ = {isa = PBXFileReference; fileEncoding = 4; lastKnownFileType = sourcecode.swift; path = CommentRow.swift; sourceTree = "<group>"; };
		2267D5812885E3E600E98944 /* AuthView.swift */ = {isa = PBXFileReference; fileEncoding = 4; lastKnownFileType = sourcecode.swift; path = AuthView.swift; sourceTree = "<group>"; };
		2267D5822885E3E600E98944 /* CommentsList.swift */ = {isa = PBXFileReference; fileEncoding = 4; lastKnownFileType = sourcecode.swift; path = CommentsList.swift; sourceTree = "<group>"; };
		2267D58B2885E3F600E98944 /* ProfileImage.swift */ = {isa = PBXFileReference; fileEncoding = 4; lastKnownFileType = sourcecode.swift; path = ProfileImage.swift; sourceTree = "<group>"; };
		2267D58C2885E3F600E98944 /* EmptyListView.swift */ = {isa = PBXFileReference; fileEncoding = 4; lastKnownFileType = sourcecode.swift; path = EmptyListView.swift; sourceTree = "<group>"; };
		2267D58D2885E3F600E98944 /* ImagePickerButton.swift */ = {isa = PBXFileReference; fileEncoding = 4; lastKnownFileType = sourcecode.swift; path = ImagePickerButton.swift; sourceTree = "<group>"; };
		2267D58E2885E3F600E98944 /* Alert+Error.swift */ = {isa = PBXFileReference; fileEncoding = 4; lastKnownFileType = sourcecode.swift; path = "Alert+Error.swift"; sourceTree = "<group>"; };
		2267D58F2885E3F600E98944 /* PrimaryButtonStyle.swift */ = {isa = PBXFileReference; fileEncoding = 4; lastKnownFileType = sourcecode.swift; path = PrimaryButtonStyle.swift; sourceTree = "<group>"; };
		2267D5952885E40D00E98944 /* CommentRowViewModel.swift */ = {isa = PBXFileReference; fileEncoding = 4; lastKnownFileType = sourcecode.swift; path = CommentRowViewModel.swift; sourceTree = "<group>"; };
		2267D5962885E40D00E98944 /* CommentsViewModel.swift */ = {isa = PBXFileReference; fileEncoding = 4; lastKnownFileType = sourcecode.swift; path = CommentsViewModel.swift; sourceTree = "<group>"; };
		2267D5972885E40D00E98944 /* ProfileViewModel.swift */ = {isa = PBXFileReference; fileEncoding = 4; lastKnownFileType = sourcecode.swift; path = ProfileViewModel.swift; sourceTree = "<group>"; };
		2267D5982885E40D00E98944 /* ViewModelFactory.swift */ = {isa = PBXFileReference; fileEncoding = 4; lastKnownFileType = sourcecode.swift; path = ViewModelFactory.swift; sourceTree = "<group>"; };
		2267D5992885E40D00E98944 /* PostsViewModel.swift */ = {isa = PBXFileReference; fileEncoding = 4; lastKnownFileType = sourcecode.swift; path = PostsViewModel.swift; sourceTree = "<group>"; };
		2267D59A2885E40D00E98944 /* FormViewModel.swift */ = {isa = PBXFileReference; fileEncoding = 4; lastKnownFileType = sourcecode.swift; path = FormViewModel.swift; sourceTree = "<group>"; };
		2267D59B2885E40D00E98944 /* AuthViewModel.swift */ = {isa = PBXFileReference; fileEncoding = 4; lastKnownFileType = sourcecode.swift; path = AuthViewModel.swift; sourceTree = "<group>"; };
		2267D59C2885E40D00E98944 /* PostRowViewModel.swift */ = {isa = PBXFileReference; fileEncoding = 4; lastKnownFileType = sourcecode.swift; path = PostRowViewModel.swift; sourceTree = "<group>"; };
		2267D5A52885E42500E98944 /* PostsRepository.swift */ = {isa = PBXFileReference; fileEncoding = 4; lastKnownFileType = sourcecode.swift; path = PostsRepository.swift; sourceTree = "<group>"; };
		2267D5A62885E42500E98944 /* CommentsRepository.swift */ = {isa = PBXFileReference; fileEncoding = 4; lastKnownFileType = sourcecode.swift; path = CommentsRepository.swift; sourceTree = "<group>"; };
		2267D5AA2885E43F00E98944 /* AuthService.swift */ = {isa = PBXFileReference; fileEncoding = 4; lastKnownFileType = sourcecode.swift; path = AuthService.swift; sourceTree = "<group>"; };
		2267D5B12885E6D000E98944 /* GoogleService-Info.plist */ = {isa = PBXFileReference; fileEncoding = 4; lastKnownFileType = text.plist.xml; path = "GoogleService-Info.plist"; sourceTree = "<group>"; };
		22EF7C3D2823550400700181 /* CompliMap.app */ = {isa = PBXFileReference; explicitFileType = wrapper.application; includeInIndex = 0; path = CompliMap.app; sourceTree = BUILT_PRODUCTS_DIR; };
		22EF7C402823550400700181 /* CompliMapApp.swift */ = {isa = PBXFileReference; lastKnownFileType = sourcecode.swift; path = CompliMapApp.swift; sourceTree = "<group>"; };
		22EF7C442823550500700181 /* Assets.xcassets */ = {isa = PBXFileReference; lastKnownFileType = folder.assetcatalog; path = Assets.xcassets; sourceTree = "<group>"; };
		22EF7C472823550500700181 /* Preview Assets.xcassets */ = {isa = PBXFileReference; lastKnownFileType = folder.assetcatalog; path = "Preview Assets.xcassets"; sourceTree = "<group>"; };
		22F3F145288609B400F2DC6B /* MapView.swift */ = {isa = PBXFileReference; lastKnownFileType = sourcecode.swift; path = MapView.swift; sourceTree = "<group>"; };
		22F3F14D28861AAB00F2DC6B /* MapViewModel.swift */ = {isa = PBXFileReference; lastKnownFileType = sourcecode.swift; path = MapViewModel.swift; sourceTree = "<group>"; };
		22F3F14F2886367500F2DC6B /* PostRow.swift */ = {isa = PBXFileReference; fileEncoding = 4; lastKnownFileType = sourcecode.swift; path = PostRow.swift; sourceTree = "<group>"; };
/* End PBXFileReference section */

/* Begin PBXFrameworksBuildPhase section */
		22EF7C3A2823550400700181 /* Frameworks */ = {
			isa = PBXFrameworksBuildPhase;
			buildActionMask = 2147483647;
			files = (
				22736C9428777DCC003A1C6D /* FirebaseAnalytics in Frameworks */,
				22736C9628777DCC003A1C6D /* FirebaseFirestore in Frameworks */,
				22736C9828777DCC003A1C6D /* FirebaseFirestoreSwift in Frameworks */,
				2267D5B02885E50F00E98944 /* FirebaseStorage in Frameworks */,
				2267D5AE2885E4FD00E98944 /* FirebaseAuth in Frameworks */,
			);
			runOnlyForDeploymentPostprocessing = 0;
		};
/* End PBXFrameworksBuildPhase section */

/* Begin PBXGroup section */
		222DF2D0287F912E00C07F3E /* View Models */ = {
			isa = PBXGroup;
			children = (
				2267D59B2885E40D00E98944 /* AuthViewModel.swift */,
				22F3F14D28861AAB00F2DC6B /* MapViewModel.swift */,
				2267D5952885E40D00E98944 /* CommentRowViewModel.swift */,
				2267D5962885E40D00E98944 /* CommentsViewModel.swift */,
				2267D59A2885E40D00E98944 /* FormViewModel.swift */,
				2267D59C2885E40D00E98944 /* PostRowViewModel.swift */,
				2267D5992885E40D00E98944 /* PostsViewModel.swift */,
				2267D5972885E40D00E98944 /* ProfileViewModel.swift */,
				2267D5982885E40D00E98944 /* ViewModelFactory.swift */,
			);
			path = "View Models";
			sourceTree = "<group>";
		};
		222DF2D7287F91A500C07F3E /* Repositories */ = {
			isa = PBXGroup;
			children = (
				2267D5A62885E42500E98944 /* CommentsRepository.swift */,
				2267D5A52885E42500E98944 /* PostsRepository.swift */,
			);
			path = Repositories;
			sourceTree = "<group>";
		};
		222DF2DE287F91F800C07F3E /* Resources */ = {
			isa = PBXGroup;
			children = (
				2267D5B12885E6D000E98944 /* GoogleService-Info.plist */,
				222DF2ED287F9EC300C07F3E /* Info.plist */,
				22EF7C442823550500700181 /* Assets.xcassets */,
				22EF7C462823550500700181 /* Preview Content */,
			);
			path = Resources;
			sourceTree = "<group>";
		};
		222DF2E5287F9A6A00C07F3E /* Supporting Views */ = {
			isa = PBXGroup;
			children = (
				2267D58E2885E3F600E98944 /* Alert+Error.swift */,
				2267D58C2885E3F600E98944 /* EmptyListView.swift */,
				2267D58D2885E3F600E98944 /* ImagePickerButton.swift */,
				2267D58F2885E3F600E98944 /* PrimaryButtonStyle.swift */,
				2267D58B2885E3F600E98944 /* ProfileImage.swift */,
			);
			path = "Supporting Views";
			sourceTree = "<group>";
		};
		222DF2E8287F9A7800C07F3E /* Utilities */ = {
			isa = PBXGroup;
			children = (
				2267D56F2885E3AA00E98944 /* Firestore+Extensions.swift */,
				2267D56E2885E3AA00E98944 /* Loadable.swift */,
				2267D5702885E3AA00E98944 /* StateManager.swift */,
				2267D56D2885E3AA00E98944 /* StorageFile.swift */,
			);
			path = Utilities;
			sourceTree = "<group>";
		};
		2267D5A92885E43F00E98944 /* Services */ = {
			isa = PBXGroup;
			children = (
				2267D5AA2885E43F00E98944 /* AuthService.swift */,
			);
			path = Services;
			sourceTree = "<group>";
		};
		2267D5AC2885E4FD00E98944 /* Frameworks */ = {
			isa = PBXGroup;
			children = (
			);
			name = Frameworks;
			sourceTree = "<group>";
		};
		226EB3B12874CD580077297D /* Views */ = {
			isa = PBXGroup;
			children = (
				2267D5812885E3E600E98944 /* AuthView.swift */,
				2267D5802885E3E600E98944 /* CommentRow.swift */,
				2267D5822885E3E600E98944 /* CommentsList.swift */,
				2267D57C2885E3E500E98944 /* MainTabView.swift */,
				22F3F14F2886367500F2DC6B /* PostRow.swift */,
				2267D57D2885E3E500E98944 /* NewPostForm.swift */,
				2267D57B2885E3E500E98944 /* PostsList.swift */,
				2267D57E2885E3E500E98944 /* ProfileView.swift */,
				22F3F145288609B400F2DC6B /* MapView.swift */,
			);
			path = Views;
			sourceTree = "<group>";
		};
		226EB3B32874CD6B0077297D /* Models */ = {
			isa = PBXGroup;
			children = (
				2267D5752885E3C100E98944 /* Comment.swift */,
				2267D5772885E3C100E98944 /* Post.swift */,
				2267D5762885E3C100E98944 /* User.swift */,
			);
			path = Models;
			sourceTree = "<group>";
		};
		22EF7C342823550400700181 = {
			isa = PBXGroup;
			children = (
				22EF7C3F2823550400700181 /* CompliMap */,
				22EF7C3E2823550400700181 /* Products */,
				2267D5AC2885E4FD00E98944 /* Frameworks */,
			);
			sourceTree = "<group>";
		};
		22EF7C3E2823550400700181 /* Products */ = {
			isa = PBXGroup;
			children = (
				22EF7C3D2823550400700181 /* CompliMap.app */,
			);
			name = Products;
			sourceTree = "<group>";
		};
		22EF7C3F2823550400700181 /* CompliMap */ = {
			isa = PBXGroup;
			children = (
				22EF7C402823550400700181 /* CompliMapApp.swift */,
				2267D5A92885E43F00E98944 /* Services */,
				226EB3B32874CD6B0077297D /* Models */,
				226EB3B12874CD580077297D /* Views */,
				222DF2E5287F9A6A00C07F3E /* Supporting Views */,
				222DF2D0287F912E00C07F3E /* View Models */,
				222DF2D7287F91A500C07F3E /* Repositories */,
				222DF2E8287F9A7800C07F3E /* Utilities */,
				222DF2DE287F91F800C07F3E /* Resources */,
			);
			path = CompliMap;
			sourceTree = "<group>";
		};
		22EF7C462823550500700181 /* Preview Content */ = {
			isa = PBXGroup;
			children = (
				22EF7C472823550500700181 /* Preview Assets.xcassets */,
			);
			path = "Preview Content";
			sourceTree = "<group>";
		};
/* End PBXGroup section */

/* Begin PBXNativeTarget section */
		22EF7C3C2823550400700181 /* CompliMap */ = {
			isa = PBXNativeTarget;
			buildConfigurationList = 22EF7C4B2823550500700181 /* Build configuration list for PBXNativeTarget "CompliMap" */;
			buildPhases = (
				22EF7C392823550400700181 /* Sources */,
				22EF7C3A2823550400700181 /* Frameworks */,
				22EF7C3B2823550400700181 /* Resources */,
			);
			buildRules = (
			);
			dependencies = (
			);
			name = CompliMap;
			packageProductDependencies = (
				22736C9328777DCC003A1C6D /* FirebaseAnalytics */,
				22736C9528777DCC003A1C6D /* FirebaseFirestore */,
				22736C9728777DCC003A1C6D /* FirebaseFirestoreSwift */,
				2267D5AD2885E4FD00E98944 /* FirebaseAuth */,
				2267D5AF2885E50F00E98944 /* FirebaseStorage */,
			);
			productName = CompliMap;
			productReference = 22EF7C3D2823550400700181 /* CompliMap.app */;
			productType = "com.apple.product-type.application";
		};
/* End PBXNativeTarget section */

/* Begin PBXProject section */
		22EF7C352823550400700181 /* Project object */ = {
			isa = PBXProject;
			attributes = {
				BuildIndependentTargetsInParallel = 1;
				LastSwiftUpdateCheck = 1330;
				LastUpgradeCheck = 1330;
				TargetAttributes = {
					22EF7C3C2823550400700181 = {
						CreatedOnToolsVersion = 13.3.1;
					};
				};
			};
			buildConfigurationList = 22EF7C382823550400700181 /* Build configuration list for PBXProject "CompliMap" */;
			compatibilityVersion = "Xcode 13.0";
			developmentRegion = en;
			hasScannedForEncodings = 0;
			knownRegions = (
				en,
				Base,
			);
			mainGroup = 22EF7C342823550400700181;
			packageReferences = (
				22736C9228777DCB003A1C6D /* XCRemoteSwiftPackageReference "firebase-ios-sdk" */,
			);
			productRefGroup = 22EF7C3E2823550400700181 /* Products */;
			projectDirPath = "";
			projectRoot = "";
			targets = (
				22EF7C3C2823550400700181 /* CompliMap */,
			);
		};
/* End PBXProject section */

/* Begin PBXResourcesBuildPhase section */
		22EF7C3B2823550400700181 /* Resources */ = {
			isa = PBXResourcesBuildPhase;
			buildActionMask = 2147483647;
			files = (
				22EF7C482823550500700181 /* Preview Assets.xcassets in Resources */,
				22EF7C452823550500700181 /* Assets.xcassets in Resources */,
				2267D5B22885E6D000E98944 /* GoogleService-Info.plist in Resources */,
			);
			runOnlyForDeploymentPostprocessing = 0;
		};
/* End PBXResourcesBuildPhase section */

/* Begin PBXSourcesBuildPhase section */
		22EF7C392823550400700181 /* Sources */ = {
			isa = PBXSourcesBuildPhase;
			buildActionMask = 2147483647;
			files = (
				22EF7C412823550400700181 /* CompliMapApp.swift in Sources */,
				2267D5A02885E40D00E98944 /* ViewModelFactory.swift in Sources */,
				2267D5732885E3AA00E98944 /* Firestore+Extensions.swift in Sources */,
				2267D5792885E3C100E98944 /* User.swift in Sources */,
				2267D5A12885E40D00E98944 /* PostsViewModel.swift in Sources */,
				2267D5912885E3F600E98944 /* EmptyListView.swift in Sources */,
				2267D5712885E3AA00E98944 /* StorageFile.swift in Sources */,
				2267D5852885E3E600E98944 /* NewPostForm.swift in Sources */,
				2267D5A82885E42500E98944 /* CommentsRepository.swift in Sources */,
				2267D5892885E3E600E98944 /* AuthView.swift in Sources */,
				2267D5882885E3E600E98944 /* CommentRow.swift in Sources */,
				2267D5862885E3E600E98944 /* ProfileView.swift in Sources */,
				22F3F14E28861AAB00F2DC6B /* MapViewModel.swift in Sources */,
				2267D5932885E3F700E98944 /* Alert+Error.swift in Sources */,
				22F3F1502886367600F2DC6B /* PostRow.swift in Sources */,
				2267D59E2885E40D00E98944 /* CommentsViewModel.swift in Sources */,
				2267D5AB2885E43F00E98944 /* AuthService.swift in Sources */,
				2267D57A2885E3C100E98944 /* Post.swift in Sources */,
				2267D5A72885E42500E98944 /* PostsRepository.swift in Sources */,
				2267D59F2885E40D00E98944 /* ProfileViewModel.swift in Sources */,
				2267D5902885E3F600E98944 /* ProfileImage.swift in Sources */,
				2267D5A22885E40D00E98944 /* FormViewModel.swift in Sources */,
				2267D5842885E3E600E98944 /* MainTabView.swift in Sources */,
				2267D58A2885E3E600E98944 /* CommentsList.swift in Sources */,
				2267D5A42885E40D00E98944 /* PostRowViewModel.swift in Sources */,
				2267D5942885E3F700E98944 /* PrimaryButtonStyle.swift in Sources */,
				22F3F146288609B400F2DC6B /* MapView.swift in Sources */,
				2267D5832885E3E600E98944 /* PostsList.swift in Sources */,
				2267D5782885E3C100E98944 /* Comment.swift in Sources */,
				2267D5A32885E40D00E98944 /* AuthViewModel.swift in Sources */,
				2267D5742885E3AA00E98944 /* StateManager.swift in Sources */,
				2267D5722885E3AA00E98944 /* Loadable.swift in Sources */,
				2267D5922885E3F600E98944 /* ImagePickerButton.swift in Sources */,
				2267D59D2885E40D00E98944 /* CommentRowViewModel.swift in Sources */,
			);
			runOnlyForDeploymentPostprocessing = 0;
		};
/* End PBXSourcesBuildPhase section */

/* Begin XCBuildConfiguration section */
		22EF7C492823550500700181 /* Debug */ = {
			isa = XCBuildConfiguration;
			buildSettings = {
				ALWAYS_SEARCH_USER_PATHS = NO;
				CLANG_ANALYZER_NONNULL = YES;
				CLANG_ANALYZER_NUMBER_OBJECT_CONVERSION = YES_AGGRESSIVE;
				CLANG_CXX_LANGUAGE_STANDARD = "gnu++17";
				CLANG_ENABLE_MODULES = YES;
				CLANG_ENABLE_OBJC_ARC = YES;
				CLANG_ENABLE_OBJC_WEAK = YES;
				CLANG_WARN_BLOCK_CAPTURE_AUTORELEASING = YES;
				CLANG_WARN_BOOL_CONVERSION = YES;
				CLANG_WARN_COMMA = YES;
				CLANG_WARN_CONSTANT_CONVERSION = YES;
				CLANG_WARN_DEPRECATED_OBJC_IMPLEMENTATIONS = YES;
				CLANG_WARN_DIRECT_OBJC_ISA_USAGE = YES_ERROR;
				CLANG_WARN_DOCUMENTATION_COMMENTS = YES;
				CLANG_WARN_EMPTY_BODY = YES;
				CLANG_WARN_ENUM_CONVERSION = YES;
				CLANG_WARN_INFINITE_RECURSION = YES;
				CLANG_WARN_INT_CONVERSION = YES;
				CLANG_WARN_NON_LITERAL_NULL_CONVERSION = YES;
				CLANG_WARN_OBJC_IMPLICIT_RETAIN_SELF = YES;
				CLANG_WARN_OBJC_LITERAL_CONVERSION = YES;
				CLANG_WARN_OBJC_ROOT_CLASS = YES_ERROR;
				CLANG_WARN_QUOTED_INCLUDE_IN_FRAMEWORK_HEADER = YES;
				CLANG_WARN_RANGE_LOOP_ANALYSIS = YES;
				CLANG_WARN_STRICT_PROTOTYPES = YES;
				CLANG_WARN_SUSPICIOUS_MOVE = YES;
				CLANG_WARN_UNGUARDED_AVAILABILITY = YES_AGGRESSIVE;
				CLANG_WARN_UNREACHABLE_CODE = YES;
				CLANG_WARN__DUPLICATE_METHOD_MATCH = YES;
				COPY_PHASE_STRIP = NO;
				DEBUG_INFORMATION_FORMAT = dwarf;
				ENABLE_STRICT_OBJC_MSGSEND = YES;
				ENABLE_TESTABILITY = YES;
				GCC_C_LANGUAGE_STANDARD = gnu11;
				GCC_DYNAMIC_NO_PIC = NO;
				GCC_NO_COMMON_BLOCKS = YES;
				GCC_OPTIMIZATION_LEVEL = 0;
				GCC_PREPROCESSOR_DEFINITIONS = (
					"DEBUG=1",
					"$(inherited)",
				);
				GCC_WARN_64_TO_32_BIT_CONVERSION = YES;
				GCC_WARN_ABOUT_RETURN_TYPE = YES_ERROR;
				GCC_WARN_UNDECLARED_SELECTOR = YES;
				GCC_WARN_UNINITIALIZED_AUTOS = YES_AGGRESSIVE;
				GCC_WARN_UNUSED_FUNCTION = YES;
				GCC_WARN_UNUSED_VARIABLE = YES;
				IPHONEOS_DEPLOYMENT_TARGET = 15.4;
				MTL_ENABLE_DEBUG_INFO = INCLUDE_SOURCE;
				MTL_FAST_MATH = YES;
				ONLY_ACTIVE_ARCH = YES;
				SDKROOT = iphoneos;
				SWIFT_ACTIVE_COMPILATION_CONDITIONS = DEBUG;
				SWIFT_OPTIMIZATION_LEVEL = "-Onone";
			};
			name = Debug;
		};
		22EF7C4A2823550500700181 /* Release */ = {
			isa = XCBuildConfiguration;
			buildSettings = {
				ALWAYS_SEARCH_USER_PATHS = NO;
				CLANG_ANALYZER_NONNULL = YES;
				CLANG_ANALYZER_NUMBER_OBJECT_CONVERSION = YES_AGGRESSIVE;
				CLANG_CXX_LANGUAGE_STANDARD = "gnu++17";
				CLANG_ENABLE_MODULES = YES;
				CLANG_ENABLE_OBJC_ARC = YES;
				CLANG_ENABLE_OBJC_WEAK = YES;
				CLANG_WARN_BLOCK_CAPTURE_AUTORELEASING = YES;
				CLANG_WARN_BOOL_CONVERSION = YES;
				CLANG_WARN_COMMA = YES;
				CLANG_WARN_CONSTANT_CONVERSION = YES;
				CLANG_WARN_DEPRECATED_OBJC_IMPLEMENTATIONS = YES;
				CLANG_WARN_DIRECT_OBJC_ISA_USAGE = YES_ERROR;
				CLANG_WARN_DOCUMENTATION_COMMENTS = YES;
				CLANG_WARN_EMPTY_BODY = YES;
				CLANG_WARN_ENUM_CONVERSION = YES;
				CLANG_WARN_INFINITE_RECURSION = YES;
				CLANG_WARN_INT_CONVERSION = YES;
				CLANG_WARN_NON_LITERAL_NULL_CONVERSION = YES;
				CLANG_WARN_OBJC_IMPLICIT_RETAIN_SELF = YES;
				CLANG_WARN_OBJC_LITERAL_CONVERSION = YES;
				CLANG_WARN_OBJC_ROOT_CLASS = YES_ERROR;
				CLANG_WARN_QUOTED_INCLUDE_IN_FRAMEWORK_HEADER = YES;
				CLANG_WARN_RANGE_LOOP_ANALYSIS = YES;
				CLANG_WARN_STRICT_PROTOTYPES = YES;
				CLANG_WARN_SUSPICIOUS_MOVE = YES;
				CLANG_WARN_UNGUARDED_AVAILABILITY = YES_AGGRESSIVE;
				CLANG_WARN_UNREACHABLE_CODE = YES;
				CLANG_WARN__DUPLICATE_METHOD_MATCH = YES;
				COPY_PHASE_STRIP = NO;
				DEBUG_INFORMATION_FORMAT = "dwarf-with-dsym";
				ENABLE_NS_ASSERTIONS = NO;
				ENABLE_STRICT_OBJC_MSGSEND = YES;
				GCC_C_LANGUAGE_STANDARD = gnu11;
				GCC_NO_COMMON_BLOCKS = YES;
				GCC_WARN_64_TO_32_BIT_CONVERSION = YES;
				GCC_WARN_ABOUT_RETURN_TYPE = YES_ERROR;
				GCC_WARN_UNDECLARED_SELECTOR = YES;
				GCC_WARN_UNINITIALIZED_AUTOS = YES_AGGRESSIVE;
				GCC_WARN_UNUSED_FUNCTION = YES;
				GCC_WARN_UNUSED_VARIABLE = YES;
				IPHONEOS_DEPLOYMENT_TARGET = 15.4;
				MTL_ENABLE_DEBUG_INFO = NO;
				MTL_FAST_MATH = YES;
				SDKROOT = iphoneos;
				SWIFT_COMPILATION_MODE = wholemodule;
				SWIFT_OPTIMIZATION_LEVEL = "-O";
				VALIDATE_PRODUCT = YES;
			};
			name = Release;
		};
		22EF7C4C2823550500700181 /* Debug */ = {
			isa = XCBuildConfiguration;
			buildSettings = {
				ASSETCATALOG_COMPILER_APPICON_NAME = AppIcon;
				ASSETCATALOG_COMPILER_GLOBAL_ACCENT_COLOR_NAME = AccentColor;
				CODE_SIGN_STYLE = Automatic;
				CURRENT_PROJECT_VERSION = 1;
				DEVELOPMENT_ASSET_PATHS = "CompliMap/Resources/Preview\\ Content";
				ENABLE_PREVIEWS = YES;
				GENERATE_INFOPLIST_FILE = YES;
				INFOPLIST_FILE = CompliMap/Resources/Info.plist;
				INFOPLIST_KEY_LSApplicationCategoryType = "";
				INFOPLIST_KEY_NSLocationAlwaysUsageDescription = "Please allow for culture";
				INFOPLIST_KEY_UIApplicationSceneManifest_Generation = YES;
				INFOPLIST_KEY_UIApplicationSupportsIndirectInputEvents = YES;
				INFOPLIST_KEY_UILaunchScreen_Generation = YES;
				INFOPLIST_KEY_UISupportedInterfaceOrientations_iPad = "UIInterfaceOrientationPortrait UIInterfaceOrientationPortraitUpsideDown UIInterfaceOrientationLandscapeLeft UIInterfaceOrientationLandscapeRight";
				INFOPLIST_KEY_UISupportedInterfaceOrientations_iPhone = "UIInterfaceOrientationPortrait UIInterfaceOrientationLandscapeLeft UIInterfaceOrientationLandscapeRight";
				LD_RUNPATH_SEARCH_PATHS = (
					"$(inherited)",
					"@executable_path/Frameworks",
				);
				MARKETING_VERSION = 1.0;
				PRODUCT_BUNDLE_IDENTIFIER = com.complimap;
				PRODUCT_NAME = "$(TARGET_NAME)";
				SWIFT_EMIT_LOC_STRINGS = YES;
				SWIFT_VERSION = 5.0;
				TARGETED_DEVICE_FAMILY = "1,2";
			};
			name = Debug;
		};
		22EF7C4D2823550500700181 /* Release */ = {
			isa = XCBuildConfiguration;
			buildSettings = {
				ASSETCATALOG_COMPILER_APPICON_NAME = AppIcon;
				ASSETCATALOG_COMPILER_GLOBAL_ACCENT_COLOR_NAME = AccentColor;
				CODE_SIGN_STYLE = Automatic;
				CURRENT_PROJECT_VERSION = 1;
				DEVELOPMENT_ASSET_PATHS = "CompliMap/Resources/Preview\\ Content";
				ENABLE_PREVIEWS = YES;
				GENERATE_INFOPLIST_FILE = YES;
				INFOPLIST_FILE = CompliMap/Resources/Info.plist;
				INFOPLIST_KEY_LSApplicationCategoryType = "";
				INFOPLIST_KEY_NSLocationAlwaysUsageDescription = "Please allow for culture";
				INFOPLIST_KEY_UIApplicationSceneManifest_Generation = YES;
				INFOPLIST_KEY_UIApplicationSupportsIndirectInputEvents = YES;
				INFOPLIST_KEY_UILaunchScreen_Generation = YES;
				INFOPLIST_KEY_UISupportedInterfaceOrientations_iPad = "UIInterfaceOrientationPortrait UIInterfaceOrientationPortraitUpsideDown UIInterfaceOrientationLandscapeLeft UIInterfaceOrientationLandscapeRight";
				INFOPLIST_KEY_UISupportedInterfaceOrientations_iPhone = "UIInterfaceOrientationPortrait UIInterfaceOrientationLandscapeLeft UIInterfaceOrientationLandscapeRight";
				LD_RUNPATH_SEARCH_PATHS = (
					"$(inherited)",
					"@executable_path/Frameworks",
				);
				MARKETING_VERSION = 1.0;
				PRODUCT_BUNDLE_IDENTIFIER = com.complimap;
				PRODUCT_NAME = "$(TARGET_NAME)";
				SWIFT_EMIT_LOC_STRINGS = YES;
				SWIFT_VERSION = 5.0;
				TARGETED_DEVICE_FAMILY = "1,2";
			};
			name = Release;
		};
/* End XCBuildConfiguration section */

/* Begin XCConfigurationList section */
		22EF7C382823550400700181 /* Build configuration list for PBXProject "CompliMap" */ = {
			isa = XCConfigurationList;
			buildConfigurations = (
				22EF7C492823550500700181 /* Debug */,
				22EF7C4A2823550500700181 /* Release */,
			);
			defaultConfigurationIsVisible = 0;
			defaultConfigurationName = Release;
		};
		22EF7C4B2823550500700181 /* Build configuration list for PBXNativeTarget "CompliMap" */ = {
			isa = XCConfigurationList;
			buildConfigurations = (
				22EF7C4C2823550500700181 /* Debug */,
				22EF7C4D2823550500700181 /* Release */,
			);
			defaultConfigurationIsVisible = 0;
			defaultConfigurationName = Release;
		};
/* End XCConfigurationList section */

/* Begin XCRemoteSwiftPackageReference section */
		22736C9228777DCB003A1C6D /* XCRemoteSwiftPackageReference "firebase-ios-sdk" */ = {
			isa = XCRemoteSwiftPackageReference;
			repositoryURL = "https://github.com/firebase/firebase-ios-sdk.git";
			requirement = {
				kind = upToNextMajorVersion;
				minimumVersion = 9.0.0;
			};
		};
/* End XCRemoteSwiftPackageReference section */

/* Begin XCSwiftPackageProductDependency section */
		2267D5AD2885E4FD00E98944 /* FirebaseAuth */ = {
			isa = XCSwiftPackageProductDependency;
			package = 22736C9228777DCB003A1C6D /* XCRemoteSwiftPackageReference "firebase-ios-sdk" */;
			productName = FirebaseAuth;
		};
		2267D5AF2885E50F00E98944 /* FirebaseStorage */ = {
			isa = XCSwiftPackageProductDependency;
			package = 22736C9228777DCB003A1C6D /* XCRemoteSwiftPackageReference "firebase-ios-sdk" */;
			productName = FirebaseStorage;
		};
		22736C9328777DCC003A1C6D /* FirebaseAnalytics */ = {
			isa = XCSwiftPackageProductDependency;
			package = 22736C9228777DCB003A1C6D /* XCRemoteSwiftPackageReference "firebase-ios-sdk" */;
			productName = FirebaseAnalytics;
		};
		22736C9528777DCC003A1C6D /* FirebaseFirestore */ = {
			isa = XCSwiftPackageProductDependency;
			package = 22736C9228777DCB003A1C6D /* XCRemoteSwiftPackageReference "firebase-ios-sdk" */;
			productName = FirebaseFirestore;
		};
		22736C9728777DCC003A1C6D /* FirebaseFirestoreSwift */ = {
			isa = XCSwiftPackageProductDependency;
			package = 22736C9228777DCB003A1C6D /* XCRemoteSwiftPackageReference "firebase-ios-sdk" */;
			productName = FirebaseFirestoreSwift;
		};
/* End XCSwiftPackageProductDependency section */
	};
	rootObject = 22EF7C352823550400700181 /* Project object */;
}
